// !$*UTF8*$!
{
	archiveVersion = 1;
	classes = {
	};
	objectVersion = 46;
	objects = {

/* Begin PBXBuildFile section */
		D206D4B71DA84EA50093727F /* StudentLocationTabBarViewController.swift in Sources */ = {isa = PBXBuildFile; fileRef = D206D4B61DA84EA50093727F /* StudentLocationTabBarViewController.swift */; };
		D206D4B91DA9AFAE0093727F /* StudentLocationDataSource.swift in Sources */ = {isa = PBXBuildFile; fileRef = D206D4B81DA9AFAE0093727F /* StudentLocationDataSource.swift */; };
		D206D4BB1DAAB1960093727F /* ControllerHelper.swift in Sources */ = {isa = PBXBuildFile; fileRef = D206D4BA1DAAB1960093727F /* ControllerHelper.swift */; };
		D206D4BD1DAC08D00093727F /* ViewControllerExtension.swift in Sources */ = {isa = PBXBuildFile; fileRef = D206D4BC1DAC08D00093727F /* ViewControllerExtension.swift */; };
		D206D4FF1DAEFC380093727F /* FBSDKCoreKit.framework in Frameworks */ = {isa = PBXBuildFile; fileRef = D206D4FD1DAEFC370093727F /* FBSDKCoreKit.framework */; };
		D206D5001DAEFC380093727F /* FBSDKLoginKit.framework in Frameworks */ = {isa = PBXBuildFile; fileRef = D206D4FE1DAEFC380093727F /* FBSDKLoginKit.framework */; };
		D20D51161D9555320037A471 /* AppDelegate.swift in Sources */ = {isa = PBXBuildFile; fileRef = D20D51151D9555320037A471 /* AppDelegate.swift */; };
		D20D511B1D9555320037A471 /* Main.storyboard in Resources */ = {isa = PBXBuildFile; fileRef = D20D51191D9555320037A471 /* Main.storyboard */; };
		D20D511D1D9555320037A471 /* Assets.xcassets in Resources */ = {isa = PBXBuildFile; fileRef = D20D511C1D9555320037A471 /* Assets.xcassets */; };
		D20D51201D9555320037A471 /* LaunchScreen.storyboard in Resources */ = {isa = PBXBuildFile; fileRef = D20D511E1D9555320037A471 /* LaunchScreen.storyboard */; };
		D20D51311D956C2A0037A471 /* UdacityClient.swift in Sources */ = {isa = PBXBuildFile; fileRef = D20D51301D956C2A0037A471 /* UdacityClient.swift */; };
		D20D51331D956D0E0037A471 /* UdacityConstants.swift in Sources */ = {isa = PBXBuildFile; fileRef = D20D51321D956D0E0037A471 /* UdacityConstants.swift */; };
		D22FB16D1D9EF58F00E977CC /* StudentLocationTableViewCell.swift in Sources */ = {isa = PBXBuildFile; fileRef = D22FB16C1D9EF58F00E977CC /* StudentLocationTableViewCell.swift */; };
		D22FB1711DA06ECF00E977CC /* StudentLocationMapViewController.swift in Sources */ = {isa = PBXBuildFile; fileRef = D22FB1701DA06ECF00E977CC /* StudentLocationMapViewController.swift */; };
		D22FB1731DA1391600E977CC /* InformationPostingViewController.swift in Sources */ = {isa = PBXBuildFile; fileRef = D22FB1721DA1391600E977CC /* InformationPostingViewController.swift */; };
		D22FB1751DA1D28800E977CC /* OnTheMapButton.swift in Sources */ = {isa = PBXBuildFile; fileRef = D22FB1741DA1D28800E977CC /* OnTheMapButton.swift */; };
		D242B3C41D99DE8300094FA0 /* OpenSans-Regular.ttf in Resources */ = {isa = PBXBuildFile; fileRef = D242B3C21D99DE8300094FA0 /* OpenSans-Regular.ttf */; };
		D242B3C51D99DE8300094FA0 /* OpenSans-Semibold.ttf in Resources */ = {isa = PBXBuildFile; fileRef = D242B3C31D99DE8300094FA0 /* OpenSans-Semibold.ttf */; };
		D242B3C71D9ABE9600094FA0 /* LoginTextField.swift in Sources */ = {isa = PBXBuildFile; fileRef = D242B3C61D9ABE9600094FA0 /* LoginTextField.swift */; };
		D242B3C91D9AC31700094FA0 /* OpenSans-Light.ttf in Resources */ = {isa = PBXBuildFile; fileRef = D242B3C81D9AC31700094FA0 /* OpenSans-Light.ttf */; };
		D242B3CB1D9AC9DA00094FA0 /* LoginViewController.swift in Sources */ = {isa = PBXBuildFile; fileRef = D242B3CA1D9AC9DA00094FA0 /* LoginViewController.swift */; };
		D27C974C1D9D43E200199B04 /* UdacitySignUpViewController.swift in Sources */ = {isa = PBXBuildFile; fileRef = D27C974B1D9D43E200199B04 /* UdacitySignUpViewController.swift */; };
		D27C974F1D9E777900199B04 /* MapKit.framework in Frameworks */ = {isa = PBXBuildFile; fileRef = D27C974E1D9E777900199B04 /* MapKit.framework */; };
		D27C97511D9E7D1600199B04 /* StudentLocationTableViewController.swift in Sources */ = {isa = PBXBuildFile; fileRef = D27C97501D9E7D1600199B04 /* StudentLocationTableViewController.swift */; };
		D2A6714B1D971A500086B025 /* ParseConstants.swift in Sources */ = {isa = PBXBuildFile; fileRef = D2A6714A1D971A500086B025 /* ParseConstants.swift */; };
		D2A6714D1D971A5E0086B025 /* ParseClient.swift in Sources */ = {isa = PBXBuildFile; fileRef = D2A6714C1D971A5E0086B025 /* ParseClient.swift */; };
		D2A6714F1D9726B30086B025 /* StudentLocation.swift in Sources */ = {isa = PBXBuildFile; fileRef = D2A6714E1D9726B30086B025 /* StudentLocation.swift */; };
		D2A671531D986D9B0086B025 /* Client.swift in Sources */ = {isa = PBXBuildFile; fileRef = D2A671521D986D9B0086B025 /* Client.swift */; };
		D2A671551D9870FD0086B025 /* ClientError.swift in Sources */ = {isa = PBXBuildFile; fileRef = D2A671541D9870FD0086B025 /* ClientError.swift */; };
		D2CAF9E91DB1127A002C5C38 /* UdacityClientError.swift in Sources */ = {isa = PBXBuildFile; fileRef = D2CAF9E81DB1127A002C5C38 /* UdacityClientError.swift */; };
		D2CAF9EB1DB18324002C5C38 /* DataSourceError.swift in Sources */ = {isa = PBXBuildFile; fileRef = D2CAF9EA1DB18324002C5C38 /* DataSourceError.swift */; };
/* End PBXBuildFile section */

/* Begin PBXFileReference section */
		D206D4B61DA84EA50093727F /* StudentLocationTabBarViewController.swift */ = {isa = PBXFileReference; fileEncoding = 4; lastKnownFileType = sourcecode.swift; path = StudentLocationTabBarViewController.swift; sourceTree = "<group>"; };
		D206D4B81DA9AFAE0093727F /* StudentLocationDataSource.swift */ = {isa = PBXFileReference; fileEncoding = 4; lastKnownFileType = sourcecode.swift; path = StudentLocationDataSource.swift; sourceTree = "<group>"; };
		D206D4BA1DAAB1960093727F /* ControllerHelper.swift */ = {isa = PBXFileReference; fileEncoding = 4; lastKnownFileType = sourcecode.swift; path = ControllerHelper.swift; sourceTree = "<group>"; };
		D206D4BC1DAC08D00093727F /* ViewControllerExtension.swift */ = {isa = PBXFileReference; fileEncoding = 4; lastKnownFileType = sourcecode.swift; path = ViewControllerExtension.swift; sourceTree = "<group>"; };
		D206D4EE1DAEF46C0093727F /* Bridging-Header.h */ = {isa = PBXFileReference; lastKnownFileType = sourcecode.c.h; path = "Bridging-Header.h"; sourceTree = "<group>"; };
		D206D4FD1DAEFC370093727F /* FBSDKCoreKit.framework */ = {isa = PBXFileReference; lastKnownFileType = wrapper.framework; name = FBSDKCoreKit.framework; path = "../../../../Downloads/FacebookSDKs-iOS-4.16.1 2/FBSDKCoreKit.framework"; sourceTree = "<group>"; };
		D206D4FE1DAEFC380093727F /* FBSDKLoginKit.framework */ = {isa = PBXFileReference; lastKnownFileType = wrapper.framework; name = FBSDKLoginKit.framework; path = "../../../../Downloads/FacebookSDKs-iOS-4.16.1 2/FBSDKLoginKit.framework"; sourceTree = "<group>"; };
		D20D51121D9555320037A471 /* On The Map.app */ = {isa = PBXFileReference; explicitFileType = wrapper.application; includeInIndex = 0; path = "On The Map.app"; sourceTree = BUILT_PRODUCTS_DIR; };
		D20D51151D9555320037A471 /* AppDelegate.swift */ = {isa = PBXFileReference; lastKnownFileType = sourcecode.swift; path = AppDelegate.swift; sourceTree = "<group>"; };
		D20D511A1D9555320037A471 /* Base */ = {isa = PBXFileReference; lastKnownFileType = file.storyboard; name = Base; path = Base.lproj/Main.storyboard; sourceTree = "<group>"; };
		D20D511C1D9555320037A471 /* Assets.xcassets */ = {isa = PBXFileReference; lastKnownFileType = folder.assetcatalog; path = Assets.xcassets; sourceTree = "<group>"; };
		D20D511F1D9555320037A471 /* Base */ = {isa = PBXFileReference; lastKnownFileType = file.storyboard; name = Base; path = Base.lproj/LaunchScreen.storyboard; sourceTree = "<group>"; };
		D20D51211D9555320037A471 /* Info.plist */ = {isa = PBXFileReference; lastKnownFileType = text.plist.xml; path = Info.plist; sourceTree = "<group>"; };
		D20D51301D956C2A0037A471 /* UdacityClient.swift */ = {isa = PBXFileReference; fileEncoding = 4; lastKnownFileType = sourcecode.swift; path = UdacityClient.swift; sourceTree = "<group>"; };
		D20D51321D956D0E0037A471 /* UdacityConstants.swift */ = {isa = PBXFileReference; fileEncoding = 4; lastKnownFileType = sourcecode.swift; path = UdacityConstants.swift; sourceTree = "<group>"; };
		D22FB16C1D9EF58F00E977CC /* StudentLocationTableViewCell.swift */ = {isa = PBXFileReference; fileEncoding = 4; lastKnownFileType = sourcecode.swift; path = StudentLocationTableViewCell.swift; sourceTree = "<group>"; };
		D22FB1701DA06ECF00E977CC /* StudentLocationMapViewController.swift */ = {isa = PBXFileReference; fileEncoding = 4; lastKnownFileType = sourcecode.swift; path = StudentLocationMapViewController.swift; sourceTree = "<group>"; };
		D22FB1721DA1391600E977CC /* InformationPostingViewController.swift */ = {isa = PBXFileReference; fileEncoding = 4; lastKnownFileType = sourcecode.swift; path = InformationPostingViewController.swift; sourceTree = "<group>"; };
		D22FB1741DA1D28800E977CC /* OnTheMapButton.swift */ = {isa = PBXFileReference; fileEncoding = 4; lastKnownFileType = sourcecode.swift; path = OnTheMapButton.swift; sourceTree = "<group>"; };
		D242B3C21D99DE8300094FA0 /* OpenSans-Regular.ttf */ = {isa = PBXFileReference; lastKnownFileType = file; path = "OpenSans-Regular.ttf"; sourceTree = "<group>"; };
		D242B3C31D99DE8300094FA0 /* OpenSans-Semibold.ttf */ = {isa = PBXFileReference; lastKnownFileType = file; path = "OpenSans-Semibold.ttf"; sourceTree = "<group>"; };
		D242B3C61D9ABE9600094FA0 /* LoginTextField.swift */ = {isa = PBXFileReference; fileEncoding = 4; lastKnownFileType = sourcecode.swift; path = LoginTextField.swift; sourceTree = "<group>"; };
		D242B3C81D9AC31700094FA0 /* OpenSans-Light.ttf */ = {isa = PBXFileReference; lastKnownFileType = file; path = "OpenSans-Light.ttf"; sourceTree = "<group>"; };
		D242B3CA1D9AC9DA00094FA0 /* LoginViewController.swift */ = {isa = PBXFileReference; fileEncoding = 4; lastKnownFileType = sourcecode.swift; path = LoginViewController.swift; sourceTree = "<group>"; };
		D27C974B1D9D43E200199B04 /* UdacitySignUpViewController.swift */ = {isa = PBXFileReference; fileEncoding = 4; lastKnownFileType = sourcecode.swift; path = UdacitySignUpViewController.swift; sourceTree = "<group>"; };
		D27C974E1D9E777900199B04 /* MapKit.framework */ = {isa = PBXFileReference; lastKnownFileType = wrapper.framework; name = MapKit.framework; path = System/Library/Frameworks/MapKit.framework; sourceTree = SDKROOT; };
		D27C97501D9E7D1600199B04 /* StudentLocationTableViewController.swift */ = {isa = PBXFileReference; fileEncoding = 4; lastKnownFileType = sourcecode.swift; path = StudentLocationTableViewController.swift; sourceTree = "<group>"; };
		D2A6714A1D971A500086B025 /* ParseConstants.swift */ = {isa = PBXFileReference; fileEncoding = 4; lastKnownFileType = sourcecode.swift; path = ParseConstants.swift; sourceTree = "<group>"; };
		D2A6714C1D971A5E0086B025 /* ParseClient.swift */ = {isa = PBXFileReference; fileEncoding = 4; lastKnownFileType = sourcecode.swift; path = ParseClient.swift; sourceTree = "<group>"; };
		D2A6714E1D9726B30086B025 /* StudentLocation.swift */ = {isa = PBXFileReference; fileEncoding = 4; lastKnownFileType = sourcecode.swift; path = StudentLocation.swift; sourceTree = "<group>"; };
		D2A671521D986D9B0086B025 /* Client.swift */ = {isa = PBXFileReference; fileEncoding = 4; lastKnownFileType = sourcecode.swift; path = Client.swift; sourceTree = "<group>"; };
		D2A671541D9870FD0086B025 /* ClientError.swift */ = {isa = PBXFileReference; fileEncoding = 4; lastKnownFileType = sourcecode.swift; path = ClientError.swift; sourceTree = "<group>"; };
		D2CAF9E41DAFC441002C5C38 /* On The Map.entitlements */ = {isa = PBXFileReference; lastKnownFileType = text.plist.entitlements; path = "On The Map.entitlements"; sourceTree = "<group>"; };
		D2CAF9E81DB1127A002C5C38 /* UdacityClientError.swift */ = {isa = PBXFileReference; fileEncoding = 4; lastKnownFileType = sourcecode.swift; path = UdacityClientError.swift; sourceTree = "<group>"; };
		D2CAF9EA1DB18324002C5C38 /* DataSourceError.swift */ = {isa = PBXFileReference; fileEncoding = 4; lastKnownFileType = sourcecode.swift; path = DataSourceError.swift; sourceTree = "<group>"; };
/* End PBXFileReference section */

/* Begin PBXFrameworksBuildPhase section */
		D20D510F1D9555320037A471 /* Frameworks */ = {
			isa = PBXFrameworksBuildPhase;
			buildActionMask = 2147483647;
			files = (
				D27C974F1D9E777900199B04 /* MapKit.framework in Frameworks */,
				D206D4FF1DAEFC380093727F /* FBSDKCoreKit.framework in Frameworks */,
				D206D5001DAEFC380093727F /* FBSDKLoginKit.framework in Frameworks */,
			);
			runOnlyForDeploymentPostprocessing = 0;
		};
/* End PBXFrameworksBuildPhase section */

/* Begin PBXGroup section */
		D20D51091D9555320037A471 = {
			isa = PBXGroup;
			children = (
				D20D51141D9555320037A471 /* On The Map */,
				D20D51131D9555320037A471 /* Products */,
				D27C974D1D9E777900199B04 /* Frameworks */,
			);
			sourceTree = "<group>";
		};
		D20D51131D9555320037A471 /* Products */ = {
			isa = PBXGroup;
			children = (
				D20D51121D9555320037A471 /* On The Map.app */,
			);
			name = Products;
			sourceTree = "<group>";
		};
		D20D51141D9555320037A471 /* On The Map */ = {
			isa = PBXGroup;
			children = (
				D2CAF9E41DAFC441002C5C38 /* On The Map.entitlements */,
				D20D51151D9555320037A471 /* AppDelegate.swift */,
				D206D4EE1DAEF46C0093727F /* Bridging-Header.h */,
				D20D51281D95558D0037A471 /* Model */,
				D20D51291D9555940037A471 /* View */,
				D20D512A1D95559B0037A471 /* Controller */,
				D20D512B1D9555C90037A471 /* Assets */,
				D20D51271D95557F0037A471 /* Supporting Files */,
			);
			path = "On The Map";
			sourceTree = "<group>";
		};
		D20D51271D95557F0037A471 /* Supporting Files */ = {
			isa = PBXGroup;
			children = (
				D242B3C11D99DE7700094FA0 /* Fonts */,
				D20D51211D9555320037A471 /* Info.plist */,
			);
			name = "Supporting Files";
			sourceTree = "<group>";
		};
		D20D51281D95558D0037A471 /* Model */ = {
			isa = PBXGroup;
			children = (
				D2A6714E1D9726B30086B025 /* StudentLocation.swift */,
				D206D4B81DA9AFAE0093727F /* StudentLocationDataSource.swift */,
				D2CAF9EA1DB18324002C5C38 /* DataSourceError.swift */,
				D20D512C1D9569690037A471 /* Clients */,
			);
			name = Model;
			sourceTree = "<group>";
		};
		D20D51291D9555940037A471 /* View */ = {
			isa = PBXGroup;
			children = (
				D242B3C61D9ABE9600094FA0 /* LoginTextField.swift */,
				D22FB16C1D9EF58F00E977CC /* StudentLocationTableViewCell.swift */,
				D22FB1741DA1D28800E977CC /* OnTheMapButton.swift */,
				D206D4BC1DAC08D00093727F /* ViewControllerExtension.swift */,
			);
			name = View;
			sourceTree = "<group>";
		};
		D20D512A1D95559B0037A471 /* Controller */ = {
			isa = PBXGroup;
			children = (
				D242B3CA1D9AC9DA00094FA0 /* LoginViewController.swift */,
				D27C974B1D9D43E200199B04 /* UdacitySignUpViewController.swift */,
				D206D4B61DA84EA50093727F /* StudentLocationTabBarViewController.swift */,
				D27C97501D9E7D1600199B04 /* StudentLocationTableViewController.swift */,
				D22FB1701DA06ECF00E977CC /* StudentLocationMapViewController.swift */,
				D22FB1721DA1391600E977CC /* InformationPostingViewController.swift */,
				D206D4BA1DAAB1960093727F /* ControllerHelper.swift */,
			);
			name = Controller;
			sourceTree = "<group>";
		};
		D20D512B1D9555C90037A471 /* Assets */ = {
			isa = PBXGroup;
			children = (
				D20D51191D9555320037A471 /* Main.storyboard */,
				D20D511E1D9555320037A471 /* LaunchScreen.storyboard */,
				D20D511C1D9555320037A471 /* Assets.xcassets */,
			);
			name = Assets;
			sourceTree = "<group>";
		};
		D20D512C1D9569690037A471 /* Clients */ = {
			isa = PBXGroup;
			children = (
				D2A671521D986D9B0086B025 /* Client.swift */,
				D2A671541D9870FD0086B025 /* ClientError.swift */,
				D20D512F1D9569FD0037A471 /* Parse */,
				D20D512E1D9569770037A471 /* Udacity */,
			);
			name = Clients;
			sourceTree = "<group>";
		};
		D20D512E1D9569770037A471 /* Udacity */ = {
			isa = PBXGroup;
			children = (
				D20D51301D956C2A0037A471 /* UdacityClient.swift */,
				D20D51321D956D0E0037A471 /* UdacityConstants.swift */,
				D2CAF9E81DB1127A002C5C38 /* UdacityClientError.swift */,
			);
			name = Udacity;
			sourceTree = "<group>";
		};
		D20D512F1D9569FD0037A471 /* Parse */ = {
			isa = PBXGroup;
			children = (
				D2A6714C1D971A5E0086B025 /* ParseClient.swift */,
				D2A6714A1D971A500086B025 /* ParseConstants.swift */,
			);
			name = Parse;
			sourceTree = "<group>";
		};
		D242B3C11D99DE7700094FA0 /* Fonts */ = {
			isa = PBXGroup;
			children = (
				D242B3C81D9AC31700094FA0 /* OpenSans-Light.ttf */,
				D242B3C21D99DE8300094FA0 /* OpenSans-Regular.ttf */,
				D242B3C31D99DE8300094FA0 /* OpenSans-Semibold.ttf */,
			);
			name = Fonts;
			sourceTree = "<group>";
		};
		D27C974D1D9E777900199B04 /* Frameworks */ = {
			isa = PBXGroup;
			children = (
				D206D4FD1DAEFC370093727F /* FBSDKCoreKit.framework */,
				D206D4FE1DAEFC380093727F /* FBSDKLoginKit.framework */,
				D27C974E1D9E777900199B04 /* MapKit.framework */,
			);
			name = Frameworks;
			sourceTree = "<group>";
		};
/* End PBXGroup section */

/* Begin PBXNativeTarget section */
		D20D51111D9555320037A471 /* On The Map */ = {
			isa = PBXNativeTarget;
			buildConfigurationList = D20D51241D9555320037A471 /* Build configuration list for PBXNativeTarget "On The Map" */;
			buildPhases = (
				D20D510E1D9555320037A471 /* Sources */,
				D20D510F1D9555320037A471 /* Frameworks */,
				D20D51101D9555320037A471 /* Resources */,
			);
			buildRules = (
			);
			dependencies = (
			);
			name = "On The Map";
			productName = "On The Map";
			productReference = D20D51121D9555320037A471 /* On The Map.app */;
			productType = "com.apple.product-type.application";
		};
/* End PBXNativeTarget section */

/* Begin PBXProject section */
		D20D510A1D9555320037A471 /* Project object */ = {
			isa = PBXProject;
			attributes = {
				LastSwiftUpdateCheck = 0800;
				LastUpgradeCheck = 0800;
				ORGANIZATIONNAME = "Tobias Helmrich";
				TargetAttributes = {
					D20D51111D9555320037A471 = {
						CreatedOnToolsVersion = 8.0;
						DevelopmentTeam = QT2SGLRBWW;
						ProvisioningStyle = Automatic;
						SystemCapabilities = {
							com.apple.Keychain = {
								enabled = 1;
							};
							com.apple.Maps.iOS = {
								enabled = 1;
							};
						};
					};
				};
			};
			buildConfigurationList = D20D510D1D9555320037A471 /* Build configuration list for PBXProject "On The Map" */;
			compatibilityVersion = "Xcode 3.2";
			developmentRegion = English;
			hasScannedForEncodings = 0;
			knownRegions = (
				en,
				Base,
			);
			mainGroup = D20D51091D9555320037A471;
			productRefGroup = D20D51131D9555320037A471 /* Products */;
			projectDirPath = "";
			projectRoot = "";
			targets = (
				D20D51111D9555320037A471 /* On The Map */,
			);
		};
/* End PBXProject section */

/* Begin PBXResourcesBuildPhase section */
		D20D51101D9555320037A471 /* Resources */ = {
			isa = PBXResourcesBuildPhase;
			buildActionMask = 2147483647;
			files = (
				D242B3C91D9AC31700094FA0 /* OpenSans-Light.ttf in Resources */,
				D20D51201D9555320037A471 /* LaunchScreen.storyboard in Resources */,
				D20D511D1D9555320037A471 /* Assets.xcassets in Resources */,
				D242B3C41D99DE8300094FA0 /* OpenSans-Regular.ttf in Resources */,
				D20D511B1D9555320037A471 /* Main.storyboard in Resources */,
				D242B3C51D99DE8300094FA0 /* OpenSans-Semibold.ttf in Resources */,
			);
			runOnlyForDeploymentPostprocessing = 0;
		};
/* End PBXResourcesBuildPhase section */

/* Begin PBXSourcesBuildPhase section */
		D20D510E1D9555320037A471 /* Sources */ = {
			isa = PBXSourcesBuildPhase;
			buildActionMask = 2147483647;
			files = (
				D206D4BB1DAAB1960093727F /* ControllerHelper.swift in Sources */,
				D2A6714D1D971A5E0086B025 /* ParseClient.swift in Sources */,
				D206D4B71DA84EA50093727F /* StudentLocationTabBarViewController.swift in Sources */,
				D2CAF9E91DB1127A002C5C38 /* UdacityClientError.swift in Sources */,
				D20D51311D956C2A0037A471 /* UdacityClient.swift in Sources */,
				D2A6714F1D9726B30086B025 /* StudentLocation.swift in Sources */,
				D2CAF9EB1DB18324002C5C38 /* DataSourceError.swift in Sources */,
				D206D4B91DA9AFAE0093727F /* StudentLocationDataSource.swift in Sources */,
				D20D51161D9555320037A471 /* AppDelegate.swift in Sources */,
				D2A6714B1D971A500086B025 /* ParseConstants.swift in Sources */,
				D2A671551D9870FD0086B025 /* ClientError.swift in Sources */,
				D27C974C1D9D43E200199B04 /* UdacitySignUpViewController.swift in Sources */,
				D22FB1731DA1391600E977CC /* InformationPostingViewController.swift in Sources */,
				D2A671531D986D9B0086B025 /* Client.swift in Sources */,
				D22FB1751DA1D28800E977CC /* OnTheMapButton.swift in Sources */,
				D22FB16D1D9EF58F00E977CC /* StudentLocationTableViewCell.swift in Sources */,
				D27C97511D9E7D1600199B04 /* StudentLocationTableViewController.swift in Sources */,
				D20D51331D956D0E0037A471 /* UdacityConstants.swift in Sources */,
				D206D4BD1DAC08D00093727F /* ViewControllerExtension.swift in Sources */,
				D242B3C71D9ABE9600094FA0 /* LoginTextField.swift in Sources */,
				D22FB1711DA06ECF00E977CC /* StudentLocationMapViewController.swift in Sources */,
				D242B3CB1D9AC9DA00094FA0 /* LoginViewController.swift in Sources */,
			);
			runOnlyForDeploymentPostprocessing = 0;
		};
/* End PBXSourcesBuildPhase section */

/* Begin PBXVariantGroup section */
		D20D51191D9555320037A471 /* Main.storyboard */ = {
			isa = PBXVariantGroup;
			children = (
				D20D511A1D9555320037A471 /* Base */,
			);
			name = Main.storyboard;
			sourceTree = "<group>";
		};
		D20D511E1D9555320037A471 /* LaunchScreen.storyboard */ = {
			isa = PBXVariantGroup;
			children = (
				D20D511F1D9555320037A471 /* Base */,
			);
			name = LaunchScreen.storyboard;
			sourceTree = "<group>";
		};
/* End PBXVariantGroup section */

/* Begin XCBuildConfiguration section */
		D20D51221D9555320037A471 /* Debug */ = {
			isa = XCBuildConfiguration;
			buildSettings = {
				ALWAYS_SEARCH_USER_PATHS = NO;
				CLANG_ANALYZER_NONNULL = YES;
				CLANG_CXX_LANGUAGE_STANDARD = "gnu++0x";
				CLANG_CXX_LIBRARY = "libc++";
				CLANG_ENABLE_MODULES = YES;
				CLANG_ENABLE_OBJC_ARC = YES;
				CLANG_WARN_BOOL_CONVERSION = YES;
				CLANG_WARN_CONSTANT_CONVERSION = YES;
				CLANG_WARN_DIRECT_OBJC_ISA_USAGE = YES_ERROR;
				CLANG_WARN_DOCUMENTATION_COMMENTS = YES;
				CLANG_WARN_EMPTY_BODY = YES;
				CLANG_WARN_ENUM_CONVERSION = YES;
				CLANG_WARN_INFINITE_RECURSION = YES;
				CLANG_WARN_INT_CONVERSION = YES;
				CLANG_WARN_OBJC_ROOT_CLASS = YES_ERROR;
				CLANG_WARN_SUSPICIOUS_MOVES = YES;
				CLANG_WARN_UNREACHABLE_CODE = YES;
				CLANG_WARN__DUPLICATE_METHOD_MATCH = YES;
				"CODE_SIGN_IDENTITY[sdk=iphoneos*]" = "iPhone Developer";
				COPY_PHASE_STRIP = NO;
				DEBUG_INFORMATION_FORMAT = dwarf;
				ENABLE_STRICT_OBJC_MSGSEND = YES;
				ENABLE_TESTABILITY = YES;
				GCC_C_LANGUAGE_STANDARD = gnu99;
				GCC_DYNAMIC_NO_PIC = NO;
				GCC_NO_COMMON_BLOCKS = YES;
				GCC_OPTIMIZATION_LEVEL = 0;
				GCC_PREPROCESSOR_DEFINITIONS = (
					"DEBUG=1",
					"$(inherited)",
				);
				GCC_WARN_64_TO_32_BIT_CONVERSION = YES;
				GCC_WARN_ABOUT_RETURN_TYPE = YES_ERROR;
				GCC_WARN_UNDECLARED_SELECTOR = YES;
				GCC_WARN_UNINITIALIZED_AUTOS = YES_AGGRESSIVE;
				GCC_WARN_UNUSED_FUNCTION = YES;
				GCC_WARN_UNUSED_VARIABLE = YES;
				IPHONEOS_DEPLOYMENT_TARGET = 10.0;
				MTL_ENABLE_DEBUG_INFO = YES;
				ONLY_ACTIVE_ARCH = YES;
				SDKROOT = iphoneos;
				SWIFT_ACTIVE_COMPILATION_CONDITIONS = DEBUG;
				SWIFT_OPTIMIZATION_LEVEL = "-Onone";
				TARGETED_DEVICE_FAMILY = "1,2";
			};
			name = Debug;
		};
		D20D51231D9555320037A471 /* Release */ = {
			isa = XCBuildConfiguration;
			buildSettings = {
				ALWAYS_SEARCH_USER_PATHS = NO;
				CLANG_ANALYZER_NONNULL = YES;
				CLANG_CXX_LANGUAGE_STANDARD = "gnu++0x";
				CLANG_CXX_LIBRARY = "libc++";
				CLANG_ENABLE_MODULES = YES;
				CLANG_ENABLE_OBJC_ARC = YES;
				CLANG_WARN_BOOL_CONVERSION = YES;
				CLANG_WARN_CONSTANT_CONVERSION = YES;
				CLANG_WARN_DIRECT_OBJC_ISA_USAGE = YES_ERROR;
				CLANG_WARN_DOCUMENTATION_COMMENTS = YES;
				CLANG_WARN_EMPTY_BODY = YES;
				CLANG_WARN_ENUM_CONVERSION = YES;
				CLANG_WARN_INFINITE_RECURSION = YES;
				CLANG_WARN_INT_CONVERSION = YES;
				CLANG_WARN_OBJC_ROOT_CLASS = YES_ERROR;
				CLANG_WARN_SUSPICIOUS_MOVES = YES;
				CLANG_WARN_UNREACHABLE_CODE = YES;
				CLANG_WARN__DUPLICATE_METHOD_MATCH = YES;
				"CODE_SIGN_IDENTITY[sdk=iphoneos*]" = "iPhone Developer";
				COPY_PHASE_STRIP = NO;
				DEBUG_INFORMATION_FORMAT = "dwarf-with-dsym";
				ENABLE_NS_ASSERTIONS = NO;
				ENABLE_STRICT_OBJC_MSGSEND = YES;
				GCC_C_LANGUAGE_STANDARD = gnu99;
				GCC_NO_COMMON_BLOCKS = YES;
				GCC_WARN_64_TO_32_BIT_CONVERSION = YES;
				GCC_WARN_ABOUT_RETURN_TYPE = YES_ERROR;
				GCC_WARN_UNDECLARED_SELECTOR = YES;
				GCC_WARN_UNINITIALIZED_AUTOS = YES_AGGRESSIVE;
				GCC_WARN_UNUSED_FUNCTION = YES;
				GCC_WARN_UNUSED_VARIABLE = YES;
				IPHONEOS_DEPLOYMENT_TARGET = 10.0;
				MTL_ENABLE_DEBUG_INFO = NO;
				SDKROOT = iphoneos;
				SWIFT_OPTIMIZATION_LEVEL = "-Owholemodule";
				TARGETED_DEVICE_FAMILY = "1,2";
				VALIDATE_PRODUCT = YES;
			};
			name = Release;
		};
		D20D51251D9555320037A471 /* Debug */ = {
			isa = XCBuildConfiguration;
			buildSettings = {
				ASSETCATALOG_COMPILER_APPICON_NAME = AppIcon;
				CODE_SIGN_ENTITLEMENTS = "On The Map/On The Map.entitlements";
				DEVELOPMENT_TEAM = QT2SGLRBWW;
				FRAMEWORK_SEARCH_PATHS = "~/Documents/FacebookSDK";
				INFOPLIST_FILE = "On The Map/Info.plist";
				LD_RUNPATH_SEARCH_PATHS = "$(inherited) @executable_path/Frameworks";
				PRODUCT_BUNDLE_IDENTIFIER = "de.tobias-helmrich.On-The-Map";
				PRODUCT_NAME = "$(TARGET_NAME)";
				SWIFT_OBJC_BRIDGING_HEADER = "On The Map/Bridging-Header.h";
				SWIFT_VERSION = 3.0;
			};
			name = Debug;
		};
		D20D51261D9555320037A471 /* Release */ = {
			isa = XCBuildConfiguration;
			buildSettings = {
				ASSETCATALOG_COMPILER_APPICON_NAME = AppIcon;
				CODE_SIGN_ENTITLEMENTS = "On The Map/On The Map.entitlements";
				DEVELOPMENT_TEAM = QT2SGLRBWW;
				FRAMEWORK_SEARCH_PATHS = "~/Documents/FacebookSDK";
				INFOPLIST_FILE = "On The Map/Info.plist";
				LD_RUNPATH_SEARCH_PATHS = "$(inherited) @executable_path/Frameworks";
				PRODUCT_BUNDLE_IDENTIFIER = "de.tobias-helmrich.On-The-Map";
				PRODUCT_NAME = "$(TARGET_NAME)";
				SWIFT_OBJC_BRIDGING_HEADER = "On The Map/Bridging-Header.h";
				SWIFT_VERSION = 3.0;
			};
			name = Release;
		};
/* End XCBuildConfiguration section */

/* Begin XCConfigurationList section */
		D20D510D1D9555320037A471 /* Build configuration list for PBXProject "On The Map" */ = {
			isa = XCConfigurationList;
			buildConfigurations = (
				D20D51221D9555320037A471 /* Debug */,
				D20D51231D9555320037A471 /* Release */,
			);
			defaultConfigurationIsVisible = 0;
			defaultConfigurationName = Release;
		};
		D20D51241D9555320037A471 /* Build configuration list for PBXNativeTarget "On The Map" */ = {
			isa = XCConfigurationList;
			buildConfigurations = (
				D20D51251D9555320037A471 /* Debug */,
				D20D51261D9555320037A471 /* Release */,
			);
			defaultConfigurationIsVisible = 0;
			defaultConfigurationName = Release;
		};
/* End XCConfigurationList section */
	};
	rootObject = D20D510A1D9555320037A471 /* Project object */;
}
